
Microsoft Visual Studio Solution File, Format Version 12.00
# Visual Studio Version 16
VisualStudioVersion = 16.0.31019.35
MinimumVisualStudioVersion = 10.0.40219.1
Project("{FAE04EC0-301F-11D3-BF4B-00C04F79EFBC}") = "Apparel Tainted When Corpse Rots", "Apparel Tainted When Corpse Rots.csproj", "{7D132779-4F86-4994-AF23-02F2E2D145EB}"
EndProject
Global
	GlobalSection(SolutionConfigurationPlatforms) = preSolution
		Debug|Any CPU = Debug|Any CPU
		Release|Any CPU = Release|Any CPU
	EndGlobalSection
	GlobalSection(ProjectConfigurationPlatforms) = postSolution
		{7D132779-4F86-4994-AF23-02F2E2D145EB}.Debug|Any CPU.ActiveCfg = Debug|Any CPU
		{7D132779-4F86-4994-AF23-02F2E2D145EB}.Debug|Any CPU.Build.0 = Debug|Any CPU
		{7D132779-4F86-4994-AF23-02F2E2D145EB}.Release|Any CPU.ActiveCfg = Release|Any CPU
		{7D132779-4F86-4994-AF23-02F2E2D145EB}.Release|Any CPU.Build.0 = Release|Any CPU
	EndGlobalSection
	GlobalSection(SolutionProperties) = preSolution
		HideSolutionNode = FALSE
	EndGlobalSection
	GlobalSection(ExtensibilityGlobals) = postSolution
		SolutionGuid = {6E705958-E2E0-4E93-97DB-32960441E4B6}
	EndGlobalSection
EndGlobal
